
Microsoft Visual Studio Solution File, Format Version 12.00
# Visual Studio Version 16
VisualStudioVersion = 16.0.31515.178
MinimumVisualStudioVersion = 10.0.40219.1
Project("{FAE04EC0-301F-11D3-BF4B-00C04F79EFBC}") = "Emailapp", "Emailapp\Emailapp.csproj", "{8D0E58BC-6B4E-45BB-983B-59D0EE8DCBE3}"
EndProject
Global
	GlobalSection(SolutionConfigurationPlatforms) = preSolution
		Debug|Any CPU = Debug|Any CPU
		Release|Any CPU = Release|Any CPU
	EndGlobalSection
	GlobalSection(ProjectConfigurationPlatforms) = postSolution
		{8D0E58BC-6B4E-45BB-983B-59D0EE8DCBE3}.Debug|Any CPU.ActiveCfg = Debug|Any CPU
		{8D0E58BC-6B4E-45BB-983B-59D0EE8DCBE3}.Debug|Any CPU.Build.0 = Debug|Any CPU
		{8D0E58BC-6B4E-45BB-983B-59D0EE8DCBE3}.Release|Any CPU.ActiveCfg = Release|Any CPU
		{8D0E58BC-6B4E-45BB-983B-59D0EE8DCBE3}.Release|Any CPU.Build.0 = Release|Any CPU
	EndGlobalSection
	GlobalSection(SolutionProperties) = preSolution
		HideSolutionNode = FALSE
	EndGlobalSection
	GlobalSection(ExtensibilityGlobals) = postSolution
		SolutionGuid = {83DE9F8B-E66A-4C78-88D4-CD6090253D48}
	EndGlobalSection
EndGlobal
